{
  "name": "@reactorx/utils",
  "version": "0.16.0",
  "lockfileVersion": 1,
  "requires": true,
  "dependencies": {
    "@emotion/is-prop-valid": {
      "version": "0.8.5",
      "resolved": "https://registry.npmjs.org/@emotion/is-prop-valid/-/is-prop-valid-0.8.5.tgz",
      "integrity": "sha512-6ZODuZSFofbxSbcxwsFz+6ioPjb0ISJRRPLZ+WIbjcU2IMU0Io+RGQjjaTgOvNQl007KICBm7zXQaYQEC1r6Bg==",
      "requires": {
        "@emotion/memoize": "0.7.3"
      }
    },
    "@emotion/memoize": {
      "version": "0.7.3",
      "resolved": "https://registry.npmjs.org/@emotion/memoize/-/memoize-0.7.3.tgz",
      "integrity": "sha512-2Md9mH6mvo+ygq1trTeVp2uzAKwE2P7In0cRpD/M9Q70aH8L+rxMLbb3JCN2JoSWsV2O+DdFjfbbXoMoLBczow=="
    }
  }
}
