{
  "name": "@reactorx/utils",
  "version": "0.9.0",
  "lockfileVersion": 1,
  "requires": true,
  "dependencies": {
    "@emotion/is-prop-valid": {
      "version": "0.8.2",
      "resolved": "https://registry.npmjs.org/@emotion/is-prop-valid/-/is-prop-valid-0.8.2.tgz",
      "integrity": "sha512-ZQIMAA2kLUWiUeMZNJDTeCwYRx1l8SQL0kHktze4COT22occKpDML1GDUXP5/sxhOMrZO8vZw773ni4H5Snrsg==",
      "requires": {
        "@emotion/memoize": "0.7.2"
      }
    },
    "@emotion/memoize": {
      "version": "0.7.2",
      "resolved": "https://registry.npmjs.org/@emotion/memoize/-/memoize-0.7.2.tgz",
      "integrity": "sha512-hnHhwQzvPCW1QjBWFyBtsETdllOM92BfrKWbUTmh9aeOlcVOiXvlPsK4104xH8NsaKfg86PTFsWkueQeUfMA/w=="
    }
  }
}
