{
  "name": "@reactorx/router",
  "version": "0.15.0",
  "lockfileVersion": 1,
  "requires": true,
  "dependencies": {
    "@types/history": {
      "version": "4.7.3",
      "resolved": "https://registry.npmjs.org/@types/history/-/history-4.7.3.tgz",
      "integrity": "sha512-cS5owqtwzLN5kY+l+KgKdRJ/Cee8tlmQoGQuIE9tWnSmS3JMKzmxo2HIAk2wODMifGwO20d62xZQLYz+RLfXmw=="
    },
    "path-to-regexp": {
      "version": "5.0.0",
      "resolved": "https://registry.npmjs.org/path-to-regexp/-/path-to-regexp-5.0.0.tgz",
      "integrity": "sha512-VOQVA+0mivusQfaveeWlrW7ddXKuStHMTdovn/1epf7cEpUL4dpzGl7eq8ho96H9w90/q66yJLsqn84jSCfkmQ=="
    }
  }
}
